
Microsoft Visual Studio Solution File, Format Version 12.00
# Visual Studio Version 16
VisualStudioVersion = 16.0.29418.71
MinimumVisualStudioVersion = 10.0.40219.1
Project("{FAE04EC0-301F-11D3-BF4B-00C04F79EFBC}") = "WarrinaAspCore", "WarrinaAspCore\WarrinaAspCore.csproj", "{124BFCEE-9A4D-442C-8732-9972D1F05805}"
EndProject
Global
	GlobalSection(SolutionConfigurationPlatforms) = preSolution
		Debug|Any CPU = Debug|Any CPU
		Release|Any CPU = Release|Any CPU
	EndGlobalSection
	GlobalSection(ProjectConfigurationPlatforms) = postSolution
		{124BFCEE-9A4D-442C-8732-9972D1F05805}.Debug|Any CPU.ActiveCfg = Debug|Any CPU
		{124BFCEE-9A4D-442C-8732-9972D1F05805}.Debug|Any CPU.Build.0 = Debug|Any CPU
		{124BFCEE-9A4D-442C-8732-9972D1F05805}.Release|Any CPU.ActiveCfg = Release|Any CPU
		{124BFCEE-9A4D-442C-8732-9972D1F05805}.Release|Any CPU.Build.0 = Release|Any CPU
	EndGlobalSection
	GlobalSection(SolutionProperties) = preSolution
		HideSolutionNode = FALSE
	EndGlobalSection
	GlobalSection(ExtensibilityGlobals) = postSolution
		SolutionGuid = {448DF730-AF83-4D54-BB03-1C46C02CF747}
	EndGlobalSection
EndGlobal
